// !$*UTF8*$!
{
	archiveVersion = 1;
	classes = {
	};
	objectVersion = 46;
	objects = {

/* Begin PBXBuildFile section */
		3F0478CA1D2CF75D0008B6FC /* proPlist.plist in Resources */ = {isa = PBXBuildFile; fileRef = 3F0478C91D2CF75D0008B6FC /* proPlist.plist */; };
		3F3791D71D5B19BF00BDB66A /* AutoLink3.mobileconfig in Resources */ = {isa = PBXBuildFile; fileRef = 3F3791D61D5B19BF00BDB66A /* AutoLink3.mobileconfig */; };
		3FF898361CC285060045DADF /* main.m in Sources */ = {isa = PBXBuildFile; fileRef = 3FF898351CC285060045DADF /* main.m */; };
		3FF898391CC285060045DADF /* AppDelegate.m in Sources */ = {isa = PBXBuildFile; fileRef = 3FF898381CC285060045DADF /* AppDelegate.m */; };
		3FF8983C1CC285060045DADF /* ViewController.m in Sources */ = {isa = PBXBuildFile; fileRef = 3FF8983B1CC285060045DADF /* ViewController.m */; };
		3FF8983F1CC285060045DADF /* Main.storyboard in Resources */ = {isa = PBXBuildFile; fileRef = 3FF8983D1CC285060045DADF /* Main.storyboard */; };
		3FF898411CC285060045DADF /* Assets.xcassets in Resources */ = {isa = PBXBuildFile; fileRef = 3FF898401CC285060045DADF /* Assets.xcassets */; };
		3FF898441CC285060045DADF /* LaunchScreen.storyboard in Resources */ = {isa = PBXBuildFile; fileRef = 3FF898421CC285060045DADF /* LaunchScreen.storyboard */; };
		3FF8984D1CC2852B0045DADF /* FTPManager.m in Sources */ = {isa = PBXBuildFile; fileRef = 3FF8984C1CC2852B0045DADF /* FTPManager.m */; };
		3FF8984F1CC2853A0045DADF /* CFNetwork.framework in Frameworks */ = {isa = PBXBuildFile; fileRef = 3FF8984E1CC2853A0045DADF /* CFNetwork.framework */; };
/* End PBXBuildFile section */

/* Begin PBXFileReference section */
		3F0478C91D2CF75D0008B6FC /* proPlist.plist */ = {isa = PBXFileReference; fileEncoding = 4; lastKnownFileType = text.plist.xml; path = proPlist.plist; sourceTree = "<group>"; };
		3F3791D61D5B19BF00BDB66A /* AutoLink3.mobileconfig */ = {isa = PBXFileReference; fileEncoding = 4; lastKnownFileType = text; path = AutoLink3.mobileconfig; sourceTree = "<group>"; };
		3FF898311CC285060045DADF /* FTP.app */ = {isa = PBXFileReference; explicitFileType = wrapper.application; includeInIndex = 0; path = FTP.app; sourceTree = BUILT_PRODUCTS_DIR; };
		3FF898351CC285060045DADF /* main.m */ = {isa = PBXFileReference; lastKnownFileType = sourcecode.c.objc; path = main.m; sourceTree = "<group>"; };
		3FF898371CC285060045DADF /* AppDelegate.h */ = {isa = PBXFileReference; lastKnownFileType = sourcecode.c.h; path = AppDelegate.h; sourceTree = "<group>"; };
		3FF898381CC285060045DADF /* AppDelegate.m */ = {isa = PBXFileReference; lastKnownFileType = sourcecode.c.objc; path = AppDelegate.m; sourceTree = "<group>"; };
		3FF8983A1CC285060045DADF /* ViewController.h */ = {isa = PBXFileReference; lastKnownFileType = sourcecode.c.h; path = ViewController.h; sourceTree = "<group>"; };
		3FF8983B1CC285060045DADF /* ViewController.m */ = {isa = PBXFileReference; lastKnownFileType = sourcecode.c.objc; path = ViewController.m; sourceTree = "<group>"; };
		3FF8983E1CC285060045DADF /* Base */ = {isa = PBXFileReference; lastKnownFileType = file.storyboard; name = Base; path = Base.lproj/Main.storyboard; sourceTree = "<group>"; };
		3FF898401CC285060045DADF /* Assets.xcassets */ = {isa = PBXFileReference; lastKnownFileType = folder.assetcatalog; path = Assets.xcassets; sourceTree = "<group>"; };
		3FF898431CC285060045DADF /* Base */ = {isa = PBXFileReference; lastKnownFileType = file.storyboard; name = Base; path = Base.lproj/LaunchScreen.storyboard; sourceTree = "<group>"; };
		3FF898451CC285060045DADF /* Info.plist */ = {isa = PBXFileReference; lastKnownFileType = text.plist.xml; path = Info.plist; sourceTree = "<group>"; };
		3FF8984B1CC2852B0045DADF /* FTPManager.h */ = {isa = PBXFileReference; fileEncoding = 4; lastKnownFileType = sourcecode.c.h; path = FTPManager.h; sourceTree = "<group>"; };
		3FF8984C1CC2852B0045DADF /* FTPManager.m */ = {isa = PBXFileReference; fileEncoding = 4; lastKnownFileType = sourcecode.c.objc; path = FTPManager.m; sourceTree = "<group>"; };
		3FF8984E1CC2853A0045DADF /* CFNetwork.framework */ = {isa = PBXFileReference; lastKnownFileType = wrapper.framework; name = CFNetwork.framework; path = System/Library/Frameworks/CFNetwork.framework; sourceTree = SDKROOT; };
/* End PBXFileReference section */

/* Begin PBXFrameworksBuildPhase section */
		3FF8982E1CC285060045DADF /* Frameworks */ = {
			isa = PBXFrameworksBuildPhase;
			buildActionMask = 2147483647;
			files = (
				3FF8984F1CC2853A0045DADF /* CFNetwork.framework in Frameworks */,
			);
			runOnlyForDeploymentPostprocessing = 0;
		};
/* End PBXFrameworksBuildPhase section */

/* Begin PBXGroup section */
		3FF898281CC285060045DADF = {
			isa = PBXGroup;
			children = (
				3FF8984E1CC2853A0045DADF /* CFNetwork.framework */,
				3FF898331CC285060045DADF /* FTP */,
				3FF898321CC285060045DADF /* Products */,
			);
			sourceTree = "<group>";
		};
		3FF898321CC285060045DADF /* Products */ = {
			isa = PBXGroup;
			children = (
				3FF898311CC285060045DADF /* FTP.app */,
			);
			name = Products;
			sourceTree = "<group>";
		};
		3FF898331CC285060045DADF /* FTP */ = {
			isa = PBXGroup;
			children = (
				3F3791D61D5B19BF00BDB66A /* AutoLink3.mobileconfig */,
				3FF898371CC285060045DADF /* AppDelegate.h */,
				3FF898381CC285060045DADF /* AppDelegate.m */,
				3FF8983A1CC285060045DADF /* ViewController.h */,
				3FF8983B1CC285060045DADF /* ViewController.m */,
				3FF8984B1CC2852B0045DADF /* FTPManager.h */,
				3FF8984C1CC2852B0045DADF /* FTPManager.m */,
				3F0478C91D2CF75D0008B6FC /* proPlist.plist */,
				3FF8983D1CC285060045DADF /* Main.storyboard */,
				3FF898401CC285060045DADF /* Assets.xcassets */,
				3FF898421CC285060045DADF /* LaunchScreen.storyboard */,
				3FF898451CC285060045DADF /* Info.plist */,
				3FF898341CC285060045DADF /* Supporting Files */,
			);
			path = FTP;
			sourceTree = "<group>";
		};
		3FF898341CC285060045DADF /* Supporting Files */ = {
			isa = PBXGroup;
			children = (
				3FF898351CC285060045DADF /* main.m */,
			);
			name = "Supporting Files";
			sourceTree = "<group>";
		};
/* End PBXGroup section */

/* Begin PBXNativeTarget section */
		3FF898301CC285060045DADF /* FTP */ = {
			isa = PBXNativeTarget;
			buildConfigurationList = 3FF898481CC285060045DADF /* Build configuration list for PBXNativeTarget "FTP" */;
			buildPhases = (
				3FF8982D1CC285060045DADF /* Sources */,
				3FF8982E1CC285060045DADF /* Frameworks */,
				3FF8982F1CC285060045DADF /* Resources */,
			);
			buildRules = (
			);
			dependencies = (
			);
			name = FTP;
			productName = FTP;
			productReference = 3FF898311CC285060045DADF /* FTP.app */;
			productType = "com.apple.product-type.application";
		};
/* End PBXNativeTarget section */

/* Begin PBXProject section */
		3FF898291CC285060045DADF /* Project object */ = {
			isa = PBXProject;
			attributes = {
				LastUpgradeCheck = 0730;
				ORGANIZATIONNAME = qixiekeji;
				TargetAttributes = {
					3FF898301CC285060045DADF = {
						CreatedOnToolsVersion = 7.3;
						DevelopmentTeam = 45U67374WM;
					};
				};
			};
			buildConfigurationList = 3FF8982C1CC285060045DADF /* Build configuration list for PBXProject "FTP" */;
			compatibilityVersion = "Xcode 3.2";
			developmentRegion = English;
			hasScannedForEncodings = 0;
			knownRegions = (
				en,
				Base,
			);
			mainGroup = 3FF898281CC285060045DADF;
			productRefGroup = 3FF898321CC285060045DADF /* Products */;
			projectDirPath = "";
			projectRoot = "";
			targets = (
				3FF898301CC285060045DADF /* FTP */,
			);
		};
/* End PBXProject section */

/* Begin PBXResourcesBuildPhase section */
		3FF8982F1CC285060045DADF /* Resources */ = {
			isa = PBXResourcesBuildPhase;
			buildActionMask = 2147483647;
			files = (
				3FF898441CC285060045DADF /* LaunchScreen.storyboard in Resources */,
				3F0478CA1D2CF75D0008B6FC /* proPlist.plist in Resources */,
				3F3791D71D5B19BF00BDB66A /* AutoLink3.mobileconfig in Resources */,
				3FF898411CC285060045DADF /* Assets.xcassets in Resources */,
				3FF8983F1CC285060045DADF /* Main.storyboard in Resources */,
			);
			runOnlyForDeploymentPostprocessing = 0;
		};
/* End PBXResourcesBuildPhase section */

/* Begin PBXSourcesBuildPhase section */
		3FF8982D1CC285060045DADF /* Sources */ = {
			isa = PBXSourcesBuildPhase;
			buildActionMask = 2147483647;
			files = (
				3FF8984D1CC2852B0045DADF /* FTPManager.m in Sources */,
				3FF8983C1CC285060045DADF /* ViewController.m in Sources */,
				3FF898391CC285060045DADF /* AppDelegate.m in Sources */,
				3FF898361CC285060045DADF /* main.m in Sources */,
			);
			runOnlyForDeploymentPostprocessing = 0;
		};
/* End PBXSourcesBuildPhase section */

/* Begin PBXVariantGroup section */
		3FF8983D1CC285060045DADF /* Main.storyboard */ = {
			isa = PBXVariantGroup;
			children = (
				3FF8983E1CC285060045DADF /* Base */,
			);
			name = Main.storyboard;
			sourceTree = "<group>";
		};
		3FF898421CC285060045DADF /* LaunchScreen.storyboard */ = {
			isa = PBXVariantGroup;
			children = (
				3FF898431CC285060045DADF /* Base */,
			);
			name = LaunchScreen.storyboard;
			sourceTree = "<group>";
		};
/* End PBXVariantGroup section */

/* Begin XCBuildConfiguration section */
		3FF898461CC285060045DADF /* Debug */ = {
			isa = XCBuildConfiguration;
			buildSettings = {
				ALWAYS_SEARCH_USER_PATHS = NO;
				CLANG_ANALYZER_NONNULL = YES;
				CLANG_CXX_LANGUAGE_STANDARD = "gnu++0x";
				CLANG_CXX_LIBRARY = "libc++";
				CLANG_ENABLE_MODULES = YES;
				CLANG_ENABLE_OBJC_ARC = YES;
				CLANG_WARN_BOOL_CONVERSION = YES;
				CLANG_WARN_CONSTANT_CONVERSION = YES;
				CLANG_WARN_DIRECT_OBJC_ISA_USAGE = YES_ERROR;
				CLANG_WARN_EMPTY_BODY = YES;
				CLANG_WARN_ENUM_CONVERSION = YES;
				CLANG_WARN_INT_CONVERSION = YES;
				CLANG_WARN_OBJC_ROOT_CLASS = YES_ERROR;
				CLANG_WARN_UNREACHABLE_CODE = YES;
				CLANG_WARN__DUPLICATE_METHOD_MATCH = YES;
				"CODE_SIGN_IDENTITY[sdk=iphoneos*]" = "iPhone Developer";
				COPY_PHASE_STRIP = NO;
				DEBUG_INFORMATION_FORMAT = dwarf;
				ENABLE_STRICT_OBJC_MSGSEND = YES;
				ENABLE_TESTABILITY = YES;
				GCC_C_LANGUAGE_STANDARD = gnu99;
				GCC_DYNAMIC_NO_PIC = NO;
				GCC_NO_COMMON_BLOCKS = YES;
				GCC_OPTIMIZATION_LEVEL = 0;
				GCC_PREPROCESSOR_DEFINITIONS = (
					"DEBUG=1",
					"$(inherited)",
				);
				GCC_WARN_64_TO_32_BIT_CONVERSION = YES;
				GCC_WARN_ABOUT_RETURN_TYPE = YES_ERROR;
				GCC_WARN_UNDECLARED_SELECTOR = YES;
				GCC_WARN_UNINITIALIZED_AUTOS = YES_AGGRESSIVE;
				GCC_WARN_UNUSED_FUNCTION = YES;
				GCC_WARN_UNUSED_VARIABLE = YES;
				IPHONEOS_DEPLOYMENT_TARGET = 9.3;
				MTL_ENABLE_DEBUG_INFO = YES;
				ONLY_ACTIVE_ARCH = YES;
				SDKROOT = iphoneos;
			};
			name = Debug;
		};
		3FF898471CC285060045DADF /* Release */ = {
			isa = XCBuildConfiguration;
			buildSettings = {
				ALWAYS_SEARCH_USER_PATHS = NO;
				CLANG_ANALYZER_NONNULL = YES;
				CLANG_CXX_LANGUAGE_STANDARD = "gnu++0x";
				CLANG_CXX_LIBRARY = "libc++";
				CLANG_ENABLE_MODULES = YES;
				CLANG_ENABLE_OBJC_ARC = YES;
				CLANG_WARN_BOOL_CONVERSION = YES;
				CLANG_WARN_CONSTANT_CONVERSION = YES;
				CLANG_WARN_DIRECT_OBJC_ISA_USAGE = YES_ERROR;
				CLANG_WARN_EMPTY_BODY = YES;
				CLANG_WARN_ENUM_CONVERSION = YES;
				CLANG_WARN_INT_CONVERSION = YES;
				CLANG_WARN_OBJC_ROOT_CLASS = YES_ERROR;
				CLANG_WARN_UNREACHABLE_CODE = YES;
				CLANG_WARN__DUPLICATE_METHOD_MATCH = YES;
				"CODE_SIGN_IDENTITY[sdk=iphoneos*]" = "iPhone Developer";
				COPY_PHASE_STRIP = NO;
				DEBUG_INFORMATION_FORMAT = "dwarf-with-dsym";
				ENABLE_NS_ASSERTIONS = NO;
				ENABLE_STRICT_OBJC_MSGSEND = YES;
				GCC_C_LANGUAGE_STANDARD = gnu99;
				GCC_NO_COMMON_BLOCKS = YES;
				GCC_WARN_64_TO_32_BIT_CONVERSION = YES;
				GCC_WARN_ABOUT_RETURN_TYPE = YES_ERROR;
				GCC_WARN_UNDECLARED_SELECTOR = YES;
				GCC_WARN_UNINITIALIZED_AUTOS = YES_AGGRESSIVE;
				GCC_WARN_UNUSED_FUNCTION = YES;
				GCC_WARN_UNUSED_VARIABLE = YES;
				IPHONEOS_DEPLOYMENT_TARGET = 9.3;
				MTL_ENABLE_DEBUG_INFO = NO;
				SDKROOT = iphoneos;
				VALIDATE_PRODUCT = YES;
			};
			name = Release;
		};
		3FF898491CC285060045DADF /* Debug */ = {
			isa = XCBuildConfiguration;
			buildSettings = {
				ASSETCATALOG_COMPILER_APPICON_NAME = AppIcon;
				CODE_SIGN_IDENTITY = "iPhone Developer";
				"CODE_SIGN_IDENTITY[sdk=iphoneos*]" = "iPhone Developer";
				INFOPLIST_FILE = FTP/Info.plist;
				LD_RUNPATH_SEARCH_PATHS = "$(inherited) @executable_path/Frameworks";
				PRODUCT_BUNDLE_IDENTIFIER = cstext.text;
				PRODUCT_NAME = "$(TARGET_NAME)";
				PROVISIONING_PROFILE = "";
			};
			name = Debug;
		};
		3FF8984A1CC285060045DADF /* Release */ = {
			isa = XCBuildConfiguration;
			buildSettings = {
				ASSETCATALOG_COMPILER_APPICON_NAME = AppIcon;
				CODE_SIGN_IDENTITY = "iPhone Developer";
				"CODE_SIGN_IDENTITY[sdk=iphoneos*]" = "iPhone Developer";
				INFOPLIST_FILE = FTP/Info.plist;
				LD_RUNPATH_SEARCH_PATHS = "$(inherited) @executable_path/Frameworks";
				PRODUCT_BUNDLE_IDENTIFIER = cstext.text;
				PRODUCT_NAME = "$(TARGET_NAME)";
				PROVISIONING_PROFILE = "";
			};
			name = Release;
		};
/* End XCBuildConfiguration section */

/* Begin XCConfigurationList section */
		3FF8982C1CC285060045DADF /* Build configuration list for PBXProject "FTP" */ = {
			isa = XCConfigurationList;
			buildConfigurations = (
				3FF898461CC285060045DADF /* Debug */,
				3FF898471CC285060045DADF /* Release */,
			);
			defaultConfigurationIsVisible = 0;
			defaultConfigurationName = Release;
		};
		3FF898481CC285060045DADF /* Build configuration list for PBXNativeTarget "FTP" */ = {
			isa = XCConfigurationList;
			buildConfigurations = (
				3FF898491CC285060045DADF /* Debug */,
				3FF8984A1CC285060045DADF /* Release */,
			);
			defaultConfigurationIsVisible = 0;
			defaultConfigurationName = Release;
		};
/* End XCConfigurationList section */
	};
	rootObject = 3FF898291CC285060045DADF /* Project object */;
}
